
Microsoft Visual Studio Solution File, Format Version 12.00
# Visual Studio 15
VisualStudioVersion = 15.0.27130.2027
MinimumVisualStudioVersion = 10.0.40219.1
Project("{FAE04EC0-301F-11D3-BF4B-00C04F79EFBC}") = "TreasureBooks", "TreasureBooks\TreasureBooks.csproj", "{9DF6CED6-88DA-4042-9DEF-A321AA4B53DD}"
EndProject
Project("{FAE04EC0-301F-11D3-BF4B-00C04F79EFBC}") = "TreasureBooks.Tests", "TreasureBooks.Tests\TreasureBooks.Tests.csproj", "{37319606-69F7-4085-83B8-F2C8A4E2103C}"
EndProject
Global
	GlobalSection(SolutionConfigurationPlatforms) = preSolution
		Debug|Any CPU = Debug|Any CPU
		Release|Any CPU = Release|Any CPU
	EndGlobalSection
	GlobalSection(ProjectConfigurationPlatforms) = postSolution
		{9DF6CED6-88DA-4042-9DEF-A321AA4B53DD}.Debug|Any CPU.ActiveCfg = Debug|Any CPU
		{9DF6CED6-88DA-4042-9DEF-A321AA4B53DD}.Debug|Any CPU.Build.0 = Debug|Any CPU
		{9DF6CED6-88DA-4042-9DEF-A321AA4B53DD}.Release|Any CPU.ActiveCfg = Release|Any CPU
		{9DF6CED6-88DA-4042-9DEF-A321AA4B53DD}.Release|Any CPU.Build.0 = Release|Any CPU
		{37319606-69F7-4085-83B8-F2C8A4E2103C}.Debug|Any CPU.ActiveCfg = Debug|Any CPU
		{37319606-69F7-4085-83B8-F2C8A4E2103C}.Debug|Any CPU.Build.0 = Debug|Any CPU
		{37319606-69F7-4085-83B8-F2C8A4E2103C}.Release|Any CPU.ActiveCfg = Release|Any CPU
		{37319606-69F7-4085-83B8-F2C8A4E2103C}.Release|Any CPU.Build.0 = Release|Any CPU
	EndGlobalSection
	GlobalSection(SolutionProperties) = preSolution
		HideSolutionNode = FALSE
	EndGlobalSection
	GlobalSection(ExtensibilityGlobals) = postSolution
		SolutionGuid = {37E273A6-707B-4174-96F5-A0F6890254AF}
	EndGlobalSection
EndGlobal
